// !$*UTF8*$!
{
	archiveVersion = 1;
	classes = {
	};
	objectVersion = 50;
	objects = {

/* Begin PBXBuildFile section */
		6508802920B3B59200033626 /* Default-568h@2x.png in Resources */ = {isa = PBXBuildFile; fileRef = 6508802820B3B59200033626 /* Default-568h@2x.png */; };
		651EE88820CF57D000B18605 /* MovieSearchViewController.swift in Sources */ = {isa = PBXBuildFile; fileRef = 651EE88720CF57D000B18605 /* MovieSearchViewController.swift */; };
		658F3AC220E1D397000DFBA8 /* DatabaseManagement.swift in Sources */ = {isa = PBXBuildFile; fileRef = 658F3AC120E1D397000DFBA8 /* DatabaseManagement.swift */; };
		659CCC3A20B1154F0086889D /* AppDelegate.swift in Sources */ = {isa = PBXBuildFile; fileRef = 659CCC3920B1154F0086889D /* AppDelegate.swift */; };
		659CCC3C20B1154F0086889D /* HomeViewController.swift in Sources */ = {isa = PBXBuildFile; fileRef = 659CCC3B20B1154F0086889D /* HomeViewController.swift */; };
		659CCC4120B115500086889D /* Assets.xcassets in Resources */ = {isa = PBXBuildFile; fileRef = 659CCC4020B115500086889D /* Assets.xcassets */; };
		659CCC4F20B115500086889D /* FavoriteMovieAppTests.swift in Sources */ = {isa = PBXBuildFile; fileRef = 659CCC4E20B115500086889D /* FavoriteMovieAppTests.swift */; };
		659CCC5A20B115500086889D /* FavoriteMovieAppUITests.swift in Sources */ = {isa = PBXBuildFile; fileRef = 659CCC5920B115500086889D /* FavoriteMovieAppUITests.swift */; };
		659CCC6A20B1166D0086889D /* Movie.swift in Sources */ = {isa = PBXBuildFile; fileRef = 659CCC6920B1166D0086889D /* Movie.swift */; };
		659CCC6C20B116950086889D /* HttpHandler.swift in Sources */ = {isa = PBXBuildFile; fileRef = 659CCC6B20B116950086889D /* HttpHandler.swift */; };
		659CCC6E20B116B40086889D /* JSONParser.swift in Sources */ = {isa = PBXBuildFile; fileRef = 659CCC6D20B116B40086889D /* JSONParser.swift */; };
		659CCC7020B116DB0086889D /* MovieDataProcessing.swift in Sources */ = {isa = PBXBuildFile; fileRef = 659CCC6F20B116DB0086889D /* MovieDataProcessing.swift */; };
		659CCC8420B2672F0086889D /* theatre@2x.png in Resources */ = {isa = PBXBuildFile; fileRef = 659CCC8320B2672F0086889D /* theatre@2x.png */; };
		65BAC0E720D0A63500A0E8E5 /* MovieSearchTableViewCell.swift in Sources */ = {isa = PBXBuildFile; fileRef = 65BAC0E620D0A63500A0E8E5 /* MovieSearchTableViewCell.swift */; };
		65BAC0E920D0A79900A0E8E5 /* FavoriteMoviesViewController.swift in Sources */ = {isa = PBXBuildFile; fileRef = 65BAC0E820D0A79900A0E8E5 /* FavoriteMoviesViewController.swift */; };
		65EA581C20DC1BFC006A5241 /* UIColor.swift in Sources */ = {isa = PBXBuildFile; fileRef = 65EA581B20DC1BFC006A5241 /* UIColor.swift */; };
		65EA581E20DC2177006A5241 /* Globals.swift in Sources */ = {isa = PBXBuildFile; fileRef = 65EA581D20DC2177006A5241 /* Globals.swift */; };
		65EDC91320DC8636005454B1 /* AddToFavoritesButton.swift in Sources */ = {isa = PBXBuildFile; fileRef = 65EDC91220DC8636005454B1 /* AddToFavoritesButton.swift */; };
		65EDC91520DDDD3E005454B1 /* FavoriteMovieTableViewCell.swift in Sources */ = {isa = PBXBuildFile; fileRef = 65EDC91420DDDD3E005454B1 /* FavoriteMovieTableViewCell.swift */; };
		A253C85110DDCCDAA3A4D631 /* Pods_FavoriteMovieApp.framework in Frameworks */ = {isa = PBXBuildFile; fileRef = 5C34DA737E85BEDDCE6BA910 /* Pods_FavoriteMovieApp.framework */; };
/* End PBXBuildFile section */

/* Begin PBXContainerItemProxy section */
		659CCC4B20B115500086889D /* PBXContainerItemProxy */ = {
			isa = PBXContainerItemProxy;
			containerPortal = 659CCC2E20B1154F0086889D /* Project object */;
			proxyType = 1;
			remoteGlobalIDString = 659CCC3520B1154F0086889D;
			remoteInfo = FavoriteMovieApp;
		};
		659CCC5620B115500086889D /* PBXContainerItemProxy */ = {
			isa = PBXContainerItemProxy;
			containerPortal = 659CCC2E20B1154F0086889D /* Project object */;
			proxyType = 1;
			remoteGlobalIDString = 659CCC3520B1154F0086889D;
			remoteInfo = FavoriteMovieApp;
		};
/* End PBXContainerItemProxy section */

/* Begin PBXFileReference section */
		1FBC2D13AA05273E533285B6 /* Pods_FavoriteMovieAppTests.framework */ = {isa = PBXFileReference; explicitFileType = wrapper.framework; includeInIndex = 0; path = Pods_FavoriteMovieAppTests.framework; sourceTree = BUILT_PRODUCTS_DIR; };
		549BE654A92EAE9AE5F18E35 /* Pods_FavoriteMovieAppUITests.framework */ = {isa = PBXFileReference; explicitFileType = wrapper.framework; includeInIndex = 0; path = Pods_FavoriteMovieAppUITests.framework; sourceTree = BUILT_PRODUCTS_DIR; };
		5C34DA737E85BEDDCE6BA910 /* Pods_FavoriteMovieApp.framework */ = {isa = PBXFileReference; explicitFileType = wrapper.framework; includeInIndex = 0; path = Pods_FavoriteMovieApp.framework; sourceTree = BUILT_PRODUCTS_DIR; };
		6508802820B3B59200033626 /* Default-568h@2x.png */ = {isa = PBXFileReference; lastKnownFileType = image.png; path = "Default-568h@2x.png"; sourceTree = "<group>"; };
		651EE88720CF57D000B18605 /* MovieSearchViewController.swift */ = {isa = PBXFileReference; lastKnownFileType = sourcecode.swift; path = MovieSearchViewController.swift; sourceTree = "<group>"; };
		658F3AC120E1D397000DFBA8 /* DatabaseManagement.swift */ = {isa = PBXFileReference; lastKnownFileType = sourcecode.swift; path = DatabaseManagement.swift; sourceTree = "<group>"; };
		659CCC3620B1154F0086889D /* FavoriteMovieApp.app */ = {isa = PBXFileReference; explicitFileType = wrapper.application; includeInIndex = 0; path = FavoriteMovieApp.app; sourceTree = BUILT_PRODUCTS_DIR; };
		659CCC3920B1154F0086889D /* AppDelegate.swift */ = {isa = PBXFileReference; lastKnownFileType = sourcecode.swift; path = AppDelegate.swift; sourceTree = "<group>"; };
		659CCC3B20B1154F0086889D /* HomeViewController.swift */ = {isa = PBXFileReference; lastKnownFileType = sourcecode.swift; path = HomeViewController.swift; sourceTree = "<group>"; };
		659CCC4020B115500086889D /* Assets.xcassets */ = {isa = PBXFileReference; lastKnownFileType = folder.assetcatalog; path = Assets.xcassets; sourceTree = "<group>"; };
		659CCC4520B115500086889D /* Info.plist */ = {isa = PBXFileReference; lastKnownFileType = text.plist.xml; path = Info.plist; sourceTree = "<group>"; };
		659CCC4A20B115500086889D /* FavoriteMovieAppTests.xctest */ = {isa = PBXFileReference; explicitFileType = wrapper.cfbundle; includeInIndex = 0; path = FavoriteMovieAppTests.xctest; sourceTree = BUILT_PRODUCTS_DIR; };
		659CCC4E20B115500086889D /* FavoriteMovieAppTests.swift */ = {isa = PBXFileReference; lastKnownFileType = sourcecode.swift; path = FavoriteMovieAppTests.swift; sourceTree = "<group>"; };
		659CCC5020B115500086889D /* Info.plist */ = {isa = PBXFileReference; lastKnownFileType = text.plist.xml; path = Info.plist; sourceTree = "<group>"; };
		659CCC5520B115500086889D /* FavoriteMovieAppUITests.xctest */ = {isa = PBXFileReference; explicitFileType = wrapper.cfbundle; includeInIndex = 0; path = FavoriteMovieAppUITests.xctest; sourceTree = BUILT_PRODUCTS_DIR; };
		659CCC5920B115500086889D /* FavoriteMovieAppUITests.swift */ = {isa = PBXFileReference; lastKnownFileType = sourcecode.swift; path = FavoriteMovieAppUITests.swift; sourceTree = "<group>"; };
		659CCC5B20B115500086889D /* Info.plist */ = {isa = PBXFileReference; lastKnownFileType = text.plist.xml; path = Info.plist; sourceTree = "<group>"; };
		659CCC6920B1166D0086889D /* Movie.swift */ = {isa = PBXFileReference; lastKnownFileType = sourcecode.swift; path = Movie.swift; sourceTree = "<group>"; };
		659CCC6B20B116950086889D /* HttpHandler.swift */ = {isa = PBXFileReference; lastKnownFileType = sourcecode.swift; path = HttpHandler.swift; sourceTree = "<group>"; };
		659CCC6D20B116B40086889D /* JSONParser.swift */ = {isa = PBXFileReference; lastKnownFileType = sourcecode.swift; path = JSONParser.swift; sourceTree = "<group>"; };
		659CCC6F20B116DB0086889D /* MovieDataProcessing.swift */ = {isa = PBXFileReference; lastKnownFileType = sourcecode.swift; path = MovieDataProcessing.swift; sourceTree = "<group>"; };
		659CCC8320B2672F0086889D /* theatre@2x.png */ = {isa = PBXFileReference; lastKnownFileType = image.png; path = "theatre@2x.png"; sourceTree = "<group>"; };
		65BAC0E620D0A63500A0E8E5 /* MovieSearchTableViewCell.swift */ = {isa = PBXFileReference; lastKnownFileType = sourcecode.swift; path = MovieSearchTableViewCell.swift; sourceTree = "<group>"; };
		65BAC0E820D0A79900A0E8E5 /* FavoriteMoviesViewController.swift */ = {isa = PBXFileReference; lastKnownFileType = sourcecode.swift; path = FavoriteMoviesViewController.swift; sourceTree = "<group>"; };
		65EA581B20DC1BFC006A5241 /* UIColor.swift */ = {isa = PBXFileReference; lastKnownFileType = sourcecode.swift; path = UIColor.swift; sourceTree = "<group>"; };
		65EA581D20DC2177006A5241 /* Globals.swift */ = {isa = PBXFileReference; lastKnownFileType = sourcecode.swift; path = Globals.swift; sourceTree = "<group>"; };
		65EDC91220DC8636005454B1 /* AddToFavoritesButton.swift */ = {isa = PBXFileReference; lastKnownFileType = sourcecode.swift; path = AddToFavoritesButton.swift; sourceTree = "<group>"; };
		65EDC91420DDDD3E005454B1 /* FavoriteMovieTableViewCell.swift */ = {isa = PBXFileReference; lastKnownFileType = sourcecode.swift; path = FavoriteMovieTableViewCell.swift; sourceTree = "<group>"; };
		AD98FF7AED7272B45543891A /* Pods-FavoriteMovieApp.release.xcconfig */ = {isa = PBXFileReference; includeInIndex = 1; lastKnownFileType = text.xcconfig; name = "Pods-FavoriteMovieApp.release.xcconfig"; path = "Pods/Target Support Files/Pods-FavoriteMovieApp/Pods-FavoriteMovieApp.release.xcconfig"; sourceTree = "<group>"; };
		B0D91A648A485628D6087E3C /* Pods-FavoriteMovieApp.debug.xcconfig */ = {isa = PBXFileReference; includeInIndex = 1; lastKnownFileType = text.xcconfig; name = "Pods-FavoriteMovieApp.debug.xcconfig"; path = "Pods/Target Support Files/Pods-FavoriteMovieApp/Pods-FavoriteMovieApp.debug.xcconfig"; sourceTree = "<group>"; };
/* End PBXFileReference section */

/* Begin PBXFrameworksBuildPhase section */
		659CCC3320B1154F0086889D /* Frameworks */ = {
			isa = PBXFrameworksBuildPhase;
			buildActionMask = 2147483647;
			files = (
				A253C85110DDCCDAA3A4D631 /* Pods_FavoriteMovieApp.framework in Frameworks */,
			);
			runOnlyForDeploymentPostprocessing = 0;
		};
		659CCC4720B115500086889D /* Frameworks */ = {
			isa = PBXFrameworksBuildPhase;
			buildActionMask = 2147483647;
			files = (
			);
			runOnlyForDeploymentPostprocessing = 0;
		};
		659CCC5220B115500086889D /* Frameworks */ = {
			isa = PBXFrameworksBuildPhase;
			buildActionMask = 2147483647;
			files = (
			);
			runOnlyForDeploymentPostprocessing = 0;
		};
/* End PBXFrameworksBuildPhase section */

/* Begin PBXGroup section */
		659CCC2D20B1154F0086889D = {
			isa = PBXGroup;
			children = (
				65EDC91120DC8610005454B1 /* buttons */,
				65EA581D20DC2177006A5241 /* Globals.swift */,
				65EA581A20DC1BDD006A5241 /* extensions */,
				659CCC3820B1154F0086889D /* FavoriteMovieApp */,
				659CCC4D20B115500086889D /* FavoriteMovieAppTests */,
				659CCC5820B115500086889D /* FavoriteMovieAppUITests */,
				659CCC3720B1154F0086889D /* Products */,
				9BCC3DCBABFBDA7E84F24065 /* Pods */,
				7903B82541CEECD024F702D3 /* Frameworks */,
			);
			sourceTree = "<group>";
		};
		659CCC3720B1154F0086889D /* Products */ = {
			isa = PBXGroup;
			children = (
				659CCC3620B1154F0086889D /* FavoriteMovieApp.app */,
				659CCC4A20B115500086889D /* FavoriteMovieAppTests.xctest */,
				659CCC5520B115500086889D /* FavoriteMovieAppUITests.xctest */,
			);
			name = Products;
			sourceTree = "<group>";
		};
		659CCC3820B1154F0086889D /* FavoriteMovieApp */ = {
			isa = PBXGroup;
			children = (
				659CCC8220B266FF0086889D /* resources */,
				659CCC8120B266FB0086889D /* tables */,
				659CCC8020B266F40086889D /* views */,
				659CCC3920B1154F0086889D /* AppDelegate.swift */,
				659CCC4020B115500086889D /* Assets.xcassets */,
				659CCC4520B115500086889D /* Info.plist */,
				659CCC6920B1166D0086889D /* Movie.swift */,
				659CCC6B20B116950086889D /* HttpHandler.swift */,
				659CCC6D20B116B40086889D /* JSONParser.swift */,
				659CCC6F20B116DB0086889D /* MovieDataProcessing.swift */,
				658F3AC120E1D397000DFBA8 /* DatabaseManagement.swift */,
			);
			path = FavoriteMovieApp;
			sourceTree = "<group>";
		};
		659CCC4D20B115500086889D /* FavoriteMovieAppTests */ = {
			isa = PBXGroup;
			children = (
				659CCC4E20B115500086889D /* FavoriteMovieAppTests.swift */,
				659CCC5020B115500086889D /* Info.plist */,
			);
			path = FavoriteMovieAppTests;
			sourceTree = "<group>";
		};
		659CCC5820B115500086889D /* FavoriteMovieAppUITests */ = {
			isa = PBXGroup;
			children = (
				659CCC5920B115500086889D /* FavoriteMovieAppUITests.swift */,
				659CCC5B20B115500086889D /* Info.plist */,
			);
			path = FavoriteMovieAppUITests;
			sourceTree = "<group>";
		};
		659CCC8020B266F40086889D /* views */ = {
			isa = PBXGroup;
			children = (
				659CCC3B20B1154F0086889D /* HomeViewController.swift */,
				651EE88720CF57D000B18605 /* MovieSearchViewController.swift */,
				65BAC0E820D0A79900A0E8E5 /* FavoriteMoviesViewController.swift */,
			);
			path = views;
			sourceTree = "<group>";
		};
		659CCC8120B266FB0086889D /* tables */ = {
			isa = PBXGroup;
			children = (
				65BAC0E620D0A63500A0E8E5 /* MovieSearchTableViewCell.swift */,
				65EDC91420DDDD3E005454B1 /* FavoriteMovieTableViewCell.swift */,
			);
			path = tables;
			sourceTree = "<group>";
		};
		659CCC8220B266FF0086889D /* resources */ = {
			isa = PBXGroup;
			children = (
				6508802820B3B59200033626 /* Default-568h@2x.png */,
				659CCC8320B2672F0086889D /* theatre@2x.png */,
			);
			path = resources;
			sourceTree = "<group>";
		};
		65EA581A20DC1BDD006A5241 /* extensions */ = {
			isa = PBXGroup;
			children = (
				65EA581B20DC1BFC006A5241 /* UIColor.swift */,
			);
			path = extensions;
			sourceTree = "<group>";
		};
		65EDC91120DC8610005454B1 /* buttons */ = {
			isa = PBXGroup;
			children = (
				65EDC91220DC8636005454B1 /* AddToFavoritesButton.swift */,
			);
			path = buttons;
			sourceTree = "<group>";
		};
		7903B82541CEECD024F702D3 /* Frameworks */ = {
			isa = PBXGroup;
			children = (
				5C34DA737E85BEDDCE6BA910 /* Pods_FavoriteMovieApp.framework */,
				1FBC2D13AA05273E533285B6 /* Pods_FavoriteMovieAppTests.framework */,
				549BE654A92EAE9AE5F18E35 /* Pods_FavoriteMovieAppUITests.framework */,
			);
			name = Frameworks;
			sourceTree = "<group>";
		};
		9BCC3DCBABFBDA7E84F24065 /* Pods */ = {
			isa = PBXGroup;
			children = (
				B0D91A648A485628D6087E3C /* Pods-FavoriteMovieApp.debug.xcconfig */,
				AD98FF7AED7272B45543891A /* Pods-FavoriteMovieApp.release.xcconfig */,
			);
			name = Pods;
			sourceTree = "<group>";
		};
/* End PBXGroup section */

/* Begin PBXNativeTarget section */
		659CCC3520B1154F0086889D /* FavoriteMovieApp */ = {
			isa = PBXNativeTarget;
			buildConfigurationList = 659CCC5E20B115500086889D /* Build configuration list for PBXNativeTarget "FavoriteMovieApp" */;
			buildPhases = (
				87579E9867051EF361BA4B9D /* [CP] Check Pods Manifest.lock */,
				659CCC3220B1154F0086889D /* Sources */,
				659CCC3320B1154F0086889D /* Frameworks */,
				659CCC3420B1154F0086889D /* Resources */,
				E403690478FBA3458FF2C0E2 /* [CP] Embed Pods Frameworks */,
			);
			buildRules = (
			);
			dependencies = (
			);
			name = FavoriteMovieApp;
			productName = FavoriteMovieApp;
			productReference = 659CCC3620B1154F0086889D /* FavoriteMovieApp.app */;
			productType = "com.apple.product-type.application";
		};
		659CCC4920B115500086889D /* FavoriteMovieAppTests */ = {
			isa = PBXNativeTarget;
			buildConfigurationList = 659CCC6120B115500086889D /* Build configuration list for PBXNativeTarget "FavoriteMovieAppTests" */;
			buildPhases = (
				659CCC4620B115500086889D /* Sources */,
				659CCC4720B115500086889D /* Frameworks */,
				659CCC4820B115500086889D /* Resources */,
			);
			buildRules = (
			);
			dependencies = (
				659CCC4C20B115500086889D /* PBXTargetDependency */,
			);
			name = FavoriteMovieAppTests;
			productName = FavoriteMovieAppTests;
			productReference = 659CCC4A20B115500086889D /* FavoriteMovieAppTests.xctest */;
			productType = "com.apple.product-type.bundle.unit-test";
		};
		659CCC5420B115500086889D /* FavoriteMovieAppUITests */ = {
			isa = PBXNativeTarget;
			buildConfigurationList = 659CCC6420B115500086889D /* Build configuration list for PBXNativeTarget "FavoriteMovieAppUITests" */;
			buildPhases = (
				659CCC5120B115500086889D /* Sources */,
				659CCC5220B115500086889D /* Frameworks */,
				659CCC5320B115500086889D /* Resources */,
			);
			buildRules = (
			);
			dependencies = (
				659CCC5720B115500086889D /* PBXTargetDependency */,
			);
			name = FavoriteMovieAppUITests;
			productName = FavoriteMovieAppUITests;
			productReference = 659CCC5520B115500086889D /* FavoriteMovieAppUITests.xctest */;
			productType = "com.apple.product-type.bundle.ui-testing";
		};
/* End PBXNativeTarget section */

/* Begin PBXProject section */
		659CCC2E20B1154F0086889D /* Project object */ = {
			isa = PBXProject;
			attributes = {
				LastSwiftUpdateCheck = 0930;
				LastUpgradeCheck = 0930;
				ORGANIZATIONNAME = "Derek Clevenger";
				TargetAttributes = {
					659CCC3520B1154F0086889D = {
						CreatedOnToolsVersion = 9.3;
					};
					659CCC4920B115500086889D = {
						CreatedOnToolsVersion = 9.3;
						TestTargetID = 659CCC3520B1154F0086889D;
					};
					659CCC5420B115500086889D = {
						CreatedOnToolsVersion = 9.3;
						TestTargetID = 659CCC3520B1154F0086889D;
					};
				};
			};
			buildConfigurationList = 659CCC3120B1154F0086889D /* Build configuration list for PBXProject "FavoriteMovieApp" */;
			compatibilityVersion = "Xcode 9.3";
			developmentRegion = en;
			hasScannedForEncodings = 0;
			knownRegions = (
				en,
				Base,
			);
			mainGroup = 659CCC2D20B1154F0086889D;
			productRefGroup = 659CCC3720B1154F0086889D /* Products */;
			projectDirPath = "";
			projectRoot = "";
			targets = (
				659CCC3520B1154F0086889D /* FavoriteMovieApp */,
				659CCC4920B115500086889D /* FavoriteMovieAppTests */,
				659CCC5420B115500086889D /* FavoriteMovieAppUITests */,
			);
		};
/* End PBXProject section */

/* Begin PBXResourcesBuildPhase section */
		659CCC3420B1154F0086889D /* Resources */ = {
			isa = PBXResourcesBuildPhase;
			buildActionMask = 2147483647;
			files = (
				659CCC4120B115500086889D /* Assets.xcassets in Resources */,
				659CCC8420B2672F0086889D /* theatre@2x.png in Resources */,
				6508802920B3B59200033626 /* Default-568h@2x.png in Resources */,
			);
			runOnlyForDeploymentPostprocessing = 0;
		};
		659CCC4820B115500086889D /* Resources */ = {
			isa = PBXResourcesBuildPhase;
			buildActionMask = 2147483647;
			files = (
			);
			runOnlyForDeploymentPostprocessing = 0;
		};
		659CCC5320B115500086889D /* Resources */ = {
			isa = PBXResourcesBuildPhase;
			buildActionMask = 2147483647;
			files = (
			);
			runOnlyForDeploymentPostprocessing = 0;
		};
/* End PBXResourcesBuildPhase section */

/* Begin PBXShellScriptBuildPhase section */
		87579E9867051EF361BA4B9D /* [CP] Check Pods Manifest.lock */ = {
			isa = PBXShellScriptBuildPhase;
			buildActionMask = 2147483647;
			files = (
			);
			inputPaths = (
				"${PODS_PODFILE_DIR_PATH}/Podfile.lock",
				"${PODS_ROOT}/Manifest.lock",
			);
			name = "[CP] Check Pods Manifest.lock";
			outputPaths = (
				"$(DERIVED_FILE_DIR)/Pods-FavoriteMovieApp-checkManifestLockResult.txt",
			);
			runOnlyForDeploymentPostprocessing = 0;
			shellPath = /bin/sh;
			shellScript = "diff \"${PODS_PODFILE_DIR_PATH}/Podfile.lock\" \"${PODS_ROOT}/Manifest.lock\" > /dev/null\nif [ $? != 0 ] ; then\n    # print error to STDERR\n    echo \"error: The sandbox is not in sync with the Podfile.lock. Run 'pod install' or update your CocoaPods installation.\" >&2\n    exit 1\nfi\n# This output is used by Xcode 'outputs' to avoid re-running this script phase.\necho \"SUCCESS\" > \"${SCRIPT_OUTPUT_FILE_0}\"\n";
			showEnvVarsInLog = 0;
		};
		E403690478FBA3458FF2C0E2 /* [CP] Embed Pods Frameworks */ = {
			isa = PBXShellScriptBuildPhase;
			buildActionMask = 2147483647;
			files = (
			);
			inputPaths = (
				"${SRCROOT}/Pods/Target Support Files/Pods-FavoriteMovieApp/Pods-FavoriteMovieApp-frameworks.sh",
				"${BUILT_PRODUCTS_DIR}/FontAwesome.swift/FontAwesome_swift.framework",
			);
			name = "[CP] Embed Pods Frameworks";
			outputPaths = (
				"${TARGET_BUILD_DIR}/${FRAMEWORKS_FOLDER_PATH}/FontAwesome_swift.framework",
			);
			runOnlyForDeploymentPostprocessing = 0;
			shellPath = /bin/sh;
			shellScript = "\"${SRCROOT}/Pods/Target Support Files/Pods-FavoriteMovieApp/Pods-FavoriteMovieApp-frameworks.sh\"\n";
			showEnvVarsInLog = 0;
		};
/* End PBXShellScriptBuildPhase section */

/* Begin PBXSourcesBuildPhase section */
		659CCC3220B1154F0086889D /* Sources */ = {
			isa = PBXSourcesBuildPhase;
			buildActionMask = 2147483647;
			files = (
				65BAC0E920D0A79900A0E8E5 /* FavoriteMoviesViewController.swift in Sources */,
				658F3AC220E1D397000DFBA8 /* DatabaseManagement.swift in Sources */,
				659CCC3C20B1154F0086889D /* HomeViewController.swift in Sources */,
				659CCC6E20B116B40086889D /* JSONParser.swift in Sources */,
				65BAC0E720D0A63500A0E8E5 /* MovieSearchTableViewCell.swift in Sources */,
				65EDC91520DDDD3E005454B1 /* FavoriteMovieTableViewCell.swift in Sources */,
				65EDC91320DC8636005454B1 /* AddToFavoritesButton.swift in Sources */,
				659CCC3A20B1154F0086889D /* AppDelegate.swift in Sources */,
				65EA581E20DC2177006A5241 /* Globals.swift in Sources */,
				659CCC7020B116DB0086889D /* MovieDataProcessing.swift in Sources */,
				659CCC6C20B116950086889D /* HttpHandler.swift in Sources */,
				651EE88820CF57D000B18605 /* MovieSearchViewController.swift in Sources */,
				659CCC6A20B1166D0086889D /* Movie.swift in Sources */,
				65EA581C20DC1BFC006A5241 /* UIColor.swift in Sources */,
			);
			runOnlyForDeploymentPostprocessing = 0;
		};
		659CCC4620B115500086889D /* Sources */ = {
			isa = PBXSourcesBuildPhase;
			buildActionMask = 2147483647;
			files = (
				659CCC4F20B115500086889D /* FavoriteMovieAppTests.swift in Sources */,
			);
			runOnlyForDeploymentPostprocessing = 0;
		};
		659CCC5120B115500086889D /* Sources */ = {
			isa = PBXSourcesBuildPhase;
			buildActionMask = 2147483647;
			files = (
				659CCC5A20B115500086889D /* FavoriteMovieAppUITests.swift in Sources */,
			);
			runOnlyForDeploymentPostprocessing = 0;
		};
/* End PBXSourcesBuildPhase section */

/* Begin PBXTargetDependency section */
		659CCC4C20B115500086889D /* PBXTargetDependency */ = {
			isa = PBXTargetDependency;
			target = 659CCC3520B1154F0086889D /* FavoriteMovieApp */;
			targetProxy = 659CCC4B20B115500086889D /* PBXContainerItemProxy */;
		};
		659CCC5720B115500086889D /* PBXTargetDependency */ = {
			isa = PBXTargetDependency;
			target = 659CCC3520B1154F0086889D /* FavoriteMovieApp */;
			targetProxy = 659CCC5620B115500086889D /* PBXContainerItemProxy */;
		};
/* End PBXTargetDependency section */

/* Begin XCBuildConfiguration section */
		659CCC5C20B115500086889D /* Debug */ = {
			isa = XCBuildConfiguration;
			buildSettings = {
				ALWAYS_SEARCH_USER_PATHS = NO;
				CLANG_ANALYZER_NONNULL = YES;
				CLANG_ANALYZER_NUMBER_OBJECT_CONVERSION = YES_AGGRESSIVE;
				CLANG_CXX_LANGUAGE_STANDARD = "gnu++14";
				CLANG_CXX_LIBRARY = "libc++";
				CLANG_ENABLE_MODULES = YES;
				CLANG_ENABLE_OBJC_ARC = YES;
				CLANG_ENABLE_OBJC_WEAK = YES;
				CLANG_WARN_BLOCK_CAPTURE_AUTORELEASING = YES;
				CLANG_WARN_BOOL_CONVERSION = YES;
				CLANG_WARN_COMMA = YES;
				CLANG_WARN_CONSTANT_CONVERSION = YES;
				CLANG_WARN_DEPRECATED_OBJC_IMPLEMENTATIONS = YES;
				CLANG_WARN_DIRECT_OBJC_ISA_USAGE = YES_ERROR;
				CLANG_WARN_DOCUMENTATION_COMMENTS = YES;
				CLANG_WARN_EMPTY_BODY = YES;
				CLANG_WARN_ENUM_CONVERSION = YES;
				CLANG_WARN_INFINITE_RECURSION = YES;
				CLANG_WARN_INT_CONVERSION = YES;
				CLANG_WARN_NON_LITERAL_NULL_CONVERSION = YES;
				CLANG_WARN_OBJC_IMPLICIT_RETAIN_SELF = YES;
				CLANG_WARN_OBJC_LITERAL_CONVERSION = YES;
				CLANG_WARN_OBJC_ROOT_CLASS = YES_ERROR;
				CLANG_WARN_RANGE_LOOP_ANALYSIS = YES;
				CLANG_WARN_STRICT_PROTOTYPES = YES;
				CLANG_WARN_SUSPICIOUS_MOVE = YES;
				CLANG_WARN_UNGUARDED_AVAILABILITY = YES_AGGRESSIVE;
				CLANG_WARN_UNREACHABLE_CODE = YES;
				CLANG_WARN__DUPLICATE_METHOD_MATCH = YES;
				CODE_SIGN_IDENTITY = "iPhone Developer";
				COPY_PHASE_STRIP = NO;
				DEBUG_INFORMATION_FORMAT = dwarf;
				ENABLE_STRICT_OBJC_MSGSEND = YES;
				ENABLE_TESTABILITY = YES;
				GCC_C_LANGUAGE_STANDARD = gnu11;
				GCC_DYNAMIC_NO_PIC = NO;
				GCC_NO_COMMON_BLOCKS = YES;
				GCC_OPTIMIZATION_LEVEL = 0;
				GCC_PREPROCESSOR_DEFINITIONS = (
					"DEBUG=1",
					"$(inherited)",
				);
				GCC_WARN_64_TO_32_BIT_CONVERSION = YES;
				GCC_WARN_ABOUT_RETURN_TYPE = YES_ERROR;
				GCC_WARN_UNDECLARED_SELECTOR = YES;
				GCC_WARN_UNINITIALIZED_AUTOS = YES_AGGRESSIVE;
				GCC_WARN_UNUSED_FUNCTION = YES;
				GCC_WARN_UNUSED_VARIABLE = YES;
				IPHONEOS_DEPLOYMENT_TARGET = 11.3;
				MTL_ENABLE_DEBUG_INFO = YES;
				ONLY_ACTIVE_ARCH = YES;
				SDKROOT = iphoneos;
				SWIFT_ACTIVE_COMPILATION_CONDITIONS = DEBUG;
				SWIFT_OPTIMIZATION_LEVEL = "-Onone";
			};
			name = Debug;
		};
		659CCC5D20B115500086889D /* Release */ = {
			isa = XCBuildConfiguration;
			buildSettings = {
				ALWAYS_SEARCH_USER_PATHS = NO;
				CLANG_ANALYZER_NONNULL = YES;
				CLANG_ANALYZER_NUMBER_OBJECT_CONVERSION = YES_AGGRESSIVE;
				CLANG_CXX_LANGUAGE_STANDARD = "gnu++14";
				CLANG_CXX_LIBRARY = "libc++";
				CLANG_ENABLE_MODULES = YES;
				CLANG_ENABLE_OBJC_ARC = YES;
				CLANG_ENABLE_OBJC_WEAK = YES;
				CLANG_WARN_BLOCK_CAPTURE_AUTORELEASING = YES;
				CLANG_WARN_BOOL_CONVERSION = YES;
				CLANG_WARN_COMMA = YES;
				CLANG_WARN_CONSTANT_CONVERSION = YES;
				CLANG_WARN_DEPRECATED_OBJC_IMPLEMENTATIONS = YES;
				CLANG_WARN_DIRECT_OBJC_ISA_USAGE = YES_ERROR;
				CLANG_WARN_DOCUMENTATION_COMMENTS = YES;
				CLANG_WARN_EMPTY_BODY = YES;
				CLANG_WARN_ENUM_CONVERSION = YES;
				CLANG_WARN_INFINITE_RECURSION = YES;
				CLANG_WARN_INT_CONVERSION = YES;
				CLANG_WARN_NON_LITERAL_NULL_CONVERSION = YES;
				CLANG_WARN_OBJC_IMPLICIT_RETAIN_SELF = YES;
				CLANG_WARN_OBJC_LITERAL_CONVERSION = YES;
				CLANG_WARN_OBJC_ROOT_CLASS = YES_ERROR;
				CLANG_WARN_RANGE_LOOP_ANALYSIS = YES;
				CLANG_WARN_STRICT_PROTOTYPES = YES;
				CLANG_WARN_SUSPICIOUS_MOVE = YES;
				CLANG_WARN_UNGUARDED_AVAILABILITY = YES_AGGRESSIVE;
				CLANG_WARN_UNREACHABLE_CODE = YES;
				CLANG_WARN__DUPLICATE_METHOD_MATCH = YES;
				CODE_SIGN_IDENTITY = "iPhone Developer";
				COPY_PHASE_STRIP = NO;
				DEBUG_INFORMATION_FORMAT = "dwarf-with-dsym";
				ENABLE_NS_ASSERTIONS = NO;
				ENABLE_STRICT_OBJC_MSGSEND = YES;
				GCC_C_LANGUAGE_STANDARD = gnu11;
				GCC_NO_COMMON_BLOCKS = YES;
				GCC_WARN_64_TO_32_BIT_CONVERSION = YES;
				GCC_WARN_ABOUT_RETURN_TYPE = YES_ERROR;
				GCC_WARN_UNDECLARED_SELECTOR = YES;
				GCC_WARN_UNINITIALIZED_AUTOS = YES_AGGRESSIVE;
				GCC_WARN_UNUSED_FUNCTION = YES;
				GCC_WARN_UNUSED_VARIABLE = YES;
				IPHONEOS_DEPLOYMENT_TARGET = 11.3;
				MTL_ENABLE_DEBUG_INFO = NO;
				SDKROOT = iphoneos;
				SWIFT_COMPILATION_MODE = wholemodule;
				SWIFT_OPTIMIZATION_LEVEL = "-O";
				VALIDATE_PRODUCT = YES;
			};
			name = Release;
		};
		659CCC5F20B115500086889D /* Debug */ = {
			isa = XCBuildConfiguration;
			baseConfigurationReference = B0D91A648A485628D6087E3C /* Pods-FavoriteMovieApp.debug.xcconfig */;
			buildSettings = {
				ASSETCATALOG_COMPILER_APPICON_NAME = AppIcon;
				CODE_SIGN_STYLE = Automatic;
				INFOPLIST_FILE = FavoriteMovieApp/Info.plist;
				LD_RUNPATH_SEARCH_PATHS = (
					"$(inherited)",
					"@executable_path/Frameworks",
				);
				PRODUCT_BUNDLE_IDENTIFIER = Marshall.FavoriteMovieApp;
				PRODUCT_NAME = "$(TARGET_NAME)";
				SWIFT_VERSION = 4.0;
				TARGETED_DEVICE_FAMILY = "1,2";
			};
			name = Debug;
		};
		659CCC6020B115500086889D /* Release */ = {
			isa = XCBuildConfiguration;
			baseConfigurationReference = AD98FF7AED7272B45543891A /* Pods-FavoriteMovieApp.release.xcconfig */;
			buildSettings = {
				ASSETCATALOG_COMPILER_APPICON_NAME = AppIcon;
				CODE_SIGN_STYLE = Automatic;
				INFOPLIST_FILE = FavoriteMovieApp/Info.plist;
				LD_RUNPATH_SEARCH_PATHS = (
					"$(inherited)",
					"@executable_path/Frameworks",
				);
				PRODUCT_BUNDLE_IDENTIFIER = Marshall.FavoriteMovieApp;
				PRODUCT_NAME = "$(TARGET_NAME)";
				SWIFT_VERSION = 4.0;
				TARGETED_DEVICE_FAMILY = "1,2";
			};
			name = Release;
		};
		659CCC6220B115500086889D /* Debug */ = {
			isa = XCBuildConfiguration;
			buildSettings = {
				ALWAYS_EMBED_SWIFT_STANDARD_LIBRARIES = YES;
				BUNDLE_LOADER = "$(TEST_HOST)";
				CODE_SIGN_STYLE = Automatic;
				INFOPLIST_FILE = FavoriteMovieAppTests/Info.plist;
				LD_RUNPATH_SEARCH_PATHS = (
					"$(inherited)",
					"@executable_path/Frameworks",
					"@loader_path/Frameworks",
				);
				PRODUCT_BUNDLE_IDENTIFIER = Marshall.FavoriteMovieAppTests;
				PRODUCT_NAME = "$(TARGET_NAME)";
				SWIFT_VERSION = 4.0;
				TARGETED_DEVICE_FAMILY = "1,2";
				TEST_HOST = "$(BUILT_PRODUCTS_DIR)/FavoriteMovieApp.app/FavoriteMovieApp";
			};
			name = Debug;
		};
		659CCC6320B115500086889D /* Release */ = {
			isa = XCBuildConfiguration;
			buildSettings = {
				ALWAYS_EMBED_SWIFT_STANDARD_LIBRARIES = YES;
				BUNDLE_LOADER = "$(TEST_HOST)";
				CODE_SIGN_STYLE = Automatic;
				INFOPLIST_FILE = FavoriteMovieAppTests/Info.plist;
				LD_RUNPATH_SEARCH_PATHS = (
					"$(inherited)",
					"@executable_path/Frameworks",
					"@loader_path/Frameworks",
				);
				PRODUCT_BUNDLE_IDENTIFIER = Marshall.FavoriteMovieAppTests;
				PRODUCT_NAME = "$(TARGET_NAME)";
				SWIFT_VERSION = 4.0;
				TARGETED_DEVICE_FAMILY = "1,2";
				TEST_HOST = "$(BUILT_PRODUCTS_DIR)/FavoriteMovieApp.app/FavoriteMovieApp";
			};
			name = Release;
		};
		659CCC6520B115500086889D /* Debug */ = {
			isa = XCBuildConfiguration;
			buildSettings = {
				ALWAYS_EMBED_SWIFT_STANDARD_LIBRARIES = YES;
				CODE_SIGN_STYLE = Automatic;
				INFOPLIST_FILE = FavoriteMovieAppUITests/Info.plist;
				LD_RUNPATH_SEARCH_PATHS = (
					"$(inherited)",
					"@executable_path/Frameworks",
					"@loader_path/Frameworks",
				);
				PRODUCT_BUNDLE_IDENTIFIER = Marshall.FavoriteMovieAppUITests;
				PRODUCT_NAME = "$(TARGET_NAME)";
				SWIFT_VERSION = 4.0;
				TARGETED_DEVICE_FAMILY = "1,2";
				TEST_TARGET_NAME = FavoriteMovieApp;
			};
			name = Debug;
		};
		659CCC6620B115500086889D /* Release */ = {
			isa = XCBuildConfiguration;
			buildSettings = {
				ALWAYS_EMBED_SWIFT_STANDARD_LIBRARIES = YES;
				CODE_SIGN_STYLE = Automatic;
				INFOPLIST_FILE = FavoriteMovieAppUITests/Info.plist;
				LD_RUNPATH_SEARCH_PATHS = (
					"$(inherited)",
					"@executable_path/Frameworks",
					"@loader_path/Frameworks",
				);
				PRODUCT_BUNDLE_IDENTIFIER = Marshall.FavoriteMovieAppUITests;
				PRODUCT_NAME = "$(TARGET_NAME)";
				SWIFT_VERSION = 4.0;
				TARGETED_DEVICE_FAMILY = "1,2";
				TEST_TARGET_NAME = FavoriteMovieApp;
			};
			name = Release;
		};
/* End XCBuildConfiguration section */

/* Begin XCConfigurationList section */
		659CCC3120B1154F0086889D /* Build configuration list for PBXProject "FavoriteMovieApp" */ = {
			isa = XCConfigurationList;
			buildConfigurations = (
				659CCC5C20B115500086889D /* Debug */,
				659CCC5D20B115500086889D /* Release */,
			);
			defaultConfigurationIsVisible = 0;
			defaultConfigurationName = Release;
		};
		659CCC5E20B115500086889D /* Build configuration list for PBXNativeTarget "FavoriteMovieApp" */ = {
			isa = XCConfigurationList;
			buildConfigurations = (
				659CCC5F20B115500086889D /* Debug */,
				659CCC6020B115500086889D /* Release */,
			);
			defaultConfigurationIsVisible = 0;
			defaultConfigurationName = Release;
		};
		659CCC6120B115500086889D /* Build configuration list for PBXNativeTarget "FavoriteMovieAppTests" */ = {
			isa = XCConfigurationList;
			buildConfigurations = (
				659CCC6220B115500086889D /* Debug */,
				659CCC6320B115500086889D /* Release */,
			);
			defaultConfigurationIsVisible = 0;
			defaultConfigurationName = Release;
		};
		659CCC6420B115500086889D /* Build configuration list for PBXNativeTarget "FavoriteMovieAppUITests" */ = {
			isa = XCConfigurationList;
			buildConfigurations = (
				659CCC6520B115500086889D /* Debug */,
				659CCC6620B115500086889D /* Release */,
			);
			defaultConfigurationIsVisible = 0;
			defaultConfigurationName = Release;
		};
/* End XCConfigurationList section */
	};
	rootObject = 659CCC2E20B1154F0086889D /* Project object */;
}
